
Microsoft Visual Studio Solution File, Format Version 12.00
# Visual Studio Version 17
VisualStudioVersion = 17.1.32421.90
MinimumVisualStudioVersion = 10.0.40219.1
Project("{9A19103F-16F7-4668-BE54-9A1E7A4F7556}") = "StrategyPattern", "StrategyPattern\StrategyPattern.csproj", "{0BFB4CAD-7715-4393-B74A-DD9FB2C0B96F}"
EndProject
Project("{9A19103F-16F7-4668-BE54-9A1E7A4F7556}") = "ObserverPattern", "ObserverPattern\ObserverPattern.csproj", "{1A1731B8-5156-4A11-8AE9-856DDC3B5381}"
EndProject
Project("{FAE04EC0-301F-11D3-BF4B-00C04F79EFBC}") = "DecoraterPattern", "DecoraterPattern\DecoraterPattern.csproj", "{4C1EC960-AECD-41FA-A2CB-8E9D516E31AB}"
EndProject
Global
	GlobalSection(SolutionConfigurationPlatforms) = preSolution
		Debug|Any CPU = Debug|Any CPU
		Release|Any CPU = Release|Any CPU
	EndGlobalSection
	GlobalSection(ProjectConfigurationPlatforms) = postSolution
		{0BFB4CAD-7715-4393-B74A-DD9FB2C0B96F}.Debug|Any CPU.ActiveCfg = Debug|Any CPU
		{0BFB4CAD-7715-4393-B74A-DD9FB2C0B96F}.Debug|Any CPU.Build.0 = Debug|Any CPU
		{0BFB4CAD-7715-4393-B74A-DD9FB2C0B96F}.Release|Any CPU.ActiveCfg = Release|Any CPU
		{0BFB4CAD-7715-4393-B74A-DD9FB2C0B96F}.Release|Any CPU.Build.0 = Release|Any CPU
		{1A1731B8-5156-4A11-8AE9-856DDC3B5381}.Debug|Any CPU.ActiveCfg = Debug|Any CPU
		{1A1731B8-5156-4A11-8AE9-856DDC3B5381}.Debug|Any CPU.Build.0 = Debug|Any CPU
		{1A1731B8-5156-4A11-8AE9-856DDC3B5381}.Release|Any CPU.ActiveCfg = Release|Any CPU
		{1A1731B8-5156-4A11-8AE9-856DDC3B5381}.Release|Any CPU.Build.0 = Release|Any CPU
		{4C1EC960-AECD-41FA-A2CB-8E9D516E31AB}.Debug|Any CPU.ActiveCfg = Debug|Any CPU
		{4C1EC960-AECD-41FA-A2CB-8E9D516E31AB}.Debug|Any CPU.Build.0 = Debug|Any CPU
		{4C1EC960-AECD-41FA-A2CB-8E9D516E31AB}.Release|Any CPU.ActiveCfg = Release|Any CPU
		{4C1EC960-AECD-41FA-A2CB-8E9D516E31AB}.Release|Any CPU.Build.0 = Release|Any CPU
	EndGlobalSection
	GlobalSection(SolutionProperties) = preSolution
		HideSolutionNode = FALSE
	EndGlobalSection
	GlobalSection(ExtensibilityGlobals) = postSolution
		SolutionGuid = {1F807B7D-608E-444B-83A6-9D76C535DB17}
	EndGlobalSection
EndGlobal
