
Microsoft Visual Studio Solution File, Format Version 12.00
# Visual Studio Version 17
VisualStudioVersion = 17.1.32421.90
MinimumVisualStudioVersion = 10.0.40219.1
Project("{9A19103F-16F7-4668-BE54-9A1E7A4F7556}") = "StrategyPattern", "StrategyPattern\StrategyPattern.csproj", "{0BFB4CAD-7715-4393-B74A-DD9FB2C0B96F}"
EndProject
Project("{9A19103F-16F7-4668-BE54-9A1E7A4F7556}") = "ObserverPattern", "ObserverPattern\ObserverPattern.csproj", "{1A1731B8-5156-4A11-8AE9-856DDC3B5381}"
EndProject
Project("{9A19103F-16F7-4668-BE54-9A1E7A4F7556}") = "DecoratorPattern", "DecoratorPattern\DecoratorPattern.csproj", "{B1617359-26D3-4E1B-86C4-1D4D408E43EF}"
EndProject
Project("{9A19103F-16F7-4668-BE54-9A1E7A4F7556}") = "FactoryPattern", "FactoryPattern\FactoryPattern.csproj", "{B66E4FB6-6063-4CC4-8B0C-A1700E87B3B7}"
EndProject
Project("{9A19103F-16F7-4668-BE54-9A1E7A4F7556}") = "SingletonPattern", "SingletonPattern\SingletonPattern.csproj", "{6EB97649-025E-483F-BA28-4D2023AAE30F}"
EndProject
Project("{9A19103F-16F7-4668-BE54-9A1E7A4F7556}") = "CommandPattern", "CommandPattern\CommandPattern.csproj", "{2BBA8245-B808-464E-8787-37CD50DCBA11}"
EndProject
Project("{9A19103F-16F7-4668-BE54-9A1E7A4F7556}") = "AdapterPattern", "AdapterPattern\AdapterPattern.csproj", "{336D53A1-9ABB-4F55-9805-CC273DC6221D}"
EndProject
Project("{9A19103F-16F7-4668-BE54-9A1E7A4F7556}") = "TemplatePattern", "TemplatePattern\TemplatePattern.csproj", "{91DFC6F3-BFD9-49C0-9E93-697D0CE7FB54}"
EndProject
Project("{9A19103F-16F7-4668-BE54-9A1E7A4F7556}") = "IteratorPattern", "IteratorPattern\IteratorPattern.csproj", "{9B66C852-7B85-4257-8BB3-01A549EE2FD9}"
EndProject
Project("{FAE04EC0-301F-11D3-BF4B-00C04F79EFBC}") = "StatePattern", "StatePattern\StatePattern.csproj", "{C1EBAA12-560D-4B3F-AFEF-38D2D638E640}"
EndProject
Global
	GlobalSection(SolutionConfigurationPlatforms) = preSolution
		Debug|Any CPU = Debug|Any CPU
		Release|Any CPU = Release|Any CPU
	EndGlobalSection
	GlobalSection(ProjectConfigurationPlatforms) = postSolution
		{0BFB4CAD-7715-4393-B74A-DD9FB2C0B96F}.Debug|Any CPU.ActiveCfg = Debug|Any CPU
		{0BFB4CAD-7715-4393-B74A-DD9FB2C0B96F}.Debug|Any CPU.Build.0 = Debug|Any CPU
		{0BFB4CAD-7715-4393-B74A-DD9FB2C0B96F}.Release|Any CPU.ActiveCfg = Release|Any CPU
		{0BFB4CAD-7715-4393-B74A-DD9FB2C0B96F}.Release|Any CPU.Build.0 = Release|Any CPU
		{1A1731B8-5156-4A11-8AE9-856DDC3B5381}.Debug|Any CPU.ActiveCfg = Debug|Any CPU
		{1A1731B8-5156-4A11-8AE9-856DDC3B5381}.Debug|Any CPU.Build.0 = Debug|Any CPU
		{1A1731B8-5156-4A11-8AE9-856DDC3B5381}.Release|Any CPU.ActiveCfg = Release|Any CPU
		{1A1731B8-5156-4A11-8AE9-856DDC3B5381}.Release|Any CPU.Build.0 = Release|Any CPU
		{B1617359-26D3-4E1B-86C4-1D4D408E43EF}.Debug|Any CPU.ActiveCfg = Debug|Any CPU
		{B1617359-26D3-4E1B-86C4-1D4D408E43EF}.Debug|Any CPU.Build.0 = Debug|Any CPU
		{B1617359-26D3-4E1B-86C4-1D4D408E43EF}.Release|Any CPU.ActiveCfg = Release|Any CPU
		{B1617359-26D3-4E1B-86C4-1D4D408E43EF}.Release|Any CPU.Build.0 = Release|Any CPU
		{B66E4FB6-6063-4CC4-8B0C-A1700E87B3B7}.Debug|Any CPU.ActiveCfg = Debug|Any CPU
		{B66E4FB6-6063-4CC4-8B0C-A1700E87B3B7}.Debug|Any CPU.Build.0 = Debug|Any CPU
		{B66E4FB6-6063-4CC4-8B0C-A1700E87B3B7}.Release|Any CPU.ActiveCfg = Release|Any CPU
		{B66E4FB6-6063-4CC4-8B0C-A1700E87B3B7}.Release|Any CPU.Build.0 = Release|Any CPU
		{6EB97649-025E-483F-BA28-4D2023AAE30F}.Debug|Any CPU.ActiveCfg = Debug|Any CPU
		{6EB97649-025E-483F-BA28-4D2023AAE30F}.Debug|Any CPU.Build.0 = Debug|Any CPU
		{6EB97649-025E-483F-BA28-4D2023AAE30F}.Release|Any CPU.ActiveCfg = Release|Any CPU
		{6EB97649-025E-483F-BA28-4D2023AAE30F}.Release|Any CPU.Build.0 = Release|Any CPU
		{2BBA8245-B808-464E-8787-37CD50DCBA11}.Debug|Any CPU.ActiveCfg = Debug|Any CPU
		{2BBA8245-B808-464E-8787-37CD50DCBA11}.Debug|Any CPU.Build.0 = Debug|Any CPU
		{2BBA8245-B808-464E-8787-37CD50DCBA11}.Release|Any CPU.ActiveCfg = Release|Any CPU
		{2BBA8245-B808-464E-8787-37CD50DCBA11}.Release|Any CPU.Build.0 = Release|Any CPU
		{336D53A1-9ABB-4F55-9805-CC273DC6221D}.Debug|Any CPU.ActiveCfg = Debug|Any CPU
		{336D53A1-9ABB-4F55-9805-CC273DC6221D}.Debug|Any CPU.Build.0 = Debug|Any CPU
		{336D53A1-9ABB-4F55-9805-CC273DC6221D}.Release|Any CPU.ActiveCfg = Release|Any CPU
		{336D53A1-9ABB-4F55-9805-CC273DC6221D}.Release|Any CPU.Build.0 = Release|Any CPU
		{91DFC6F3-BFD9-49C0-9E93-697D0CE7FB54}.Debug|Any CPU.ActiveCfg = Debug|Any CPU
		{91DFC6F3-BFD9-49C0-9E93-697D0CE7FB54}.Debug|Any CPU.Build.0 = Debug|Any CPU
		{91DFC6F3-BFD9-49C0-9E93-697D0CE7FB54}.Release|Any CPU.ActiveCfg = Release|Any CPU
		{91DFC6F3-BFD9-49C0-9E93-697D0CE7FB54}.Release|Any CPU.Build.0 = Release|Any CPU
		{9B66C852-7B85-4257-8BB3-01A549EE2FD9}.Debug|Any CPU.ActiveCfg = Debug|Any CPU
		{9B66C852-7B85-4257-8BB3-01A549EE2FD9}.Debug|Any CPU.Build.0 = Debug|Any CPU
		{9B66C852-7B85-4257-8BB3-01A549EE2FD9}.Release|Any CPU.ActiveCfg = Release|Any CPU
		{9B66C852-7B85-4257-8BB3-01A549EE2FD9}.Release|Any CPU.Build.0 = Release|Any CPU
		{C1EBAA12-560D-4B3F-AFEF-38D2D638E640}.Debug|Any CPU.ActiveCfg = Debug|Any CPU
		{C1EBAA12-560D-4B3F-AFEF-38D2D638E640}.Debug|Any CPU.Build.0 = Debug|Any CPU
		{C1EBAA12-560D-4B3F-AFEF-38D2D638E640}.Release|Any CPU.ActiveCfg = Release|Any CPU
		{C1EBAA12-560D-4B3F-AFEF-38D2D638E640}.Release|Any CPU.Build.0 = Release|Any CPU
	EndGlobalSection
	GlobalSection(SolutionProperties) = preSolution
		HideSolutionNode = FALSE
	EndGlobalSection
	GlobalSection(ExtensibilityGlobals) = postSolution
		SolutionGuid = {1F807B7D-608E-444B-83A6-9D76C535DB17}
	EndGlobalSection
EndGlobal
